
Microsoft Visual Studio Solution File, Format Version 12.00
# Visual Studio Version 16
VisualStudioVersion = 16.0.31829.152
MinimumVisualStudioVersion = 10.0.40219.1
Project("{FAE04EC0-301F-11D3-BF4B-00C04F79EFBC}") = "API", "API\API.csproj", "{1F6E189D-C45F-4080-A30C-0361C66A09BA}"
EndProject
Project("{FAE04EC0-301F-11D3-BF4B-00C04F79EFBC}") = "DomainModels", "DomainModels\DomainModels.csproj", "{DC5C506D-B980-46FD-B763-C4FB95BEC3AD}"
EndProject
Project("{FAE04EC0-301F-11D3-BF4B-00C04F79EFBC}") = "Repository", "Repository\Repository.csproj", "{97F7BD08-9620-4B9B-9BC6-A524CAE76EDE}"
EndProject
Global
	GlobalSection(SolutionConfigurationPlatforms) = preSolution
		Debug|Any CPU = Debug|Any CPU
		Release|Any CPU = Release|Any CPU
	EndGlobalSection
	GlobalSection(ProjectConfigurationPlatforms) = postSolution
		{1F6E189D-C45F-4080-A30C-0361C66A09BA}.Debug|Any CPU.ActiveCfg = Debug|Any CPU
		{1F6E189D-C45F-4080-A30C-0361C66A09BA}.Debug|Any CPU.Build.0 = Debug|Any CPU
		{1F6E189D-C45F-4080-A30C-0361C66A09BA}.Release|Any CPU.ActiveCfg = Release|Any CPU
		{1F6E189D-C45F-4080-A30C-0361C66A09BA}.Release|Any CPU.Build.0 = Release|Any CPU
		{DC5C506D-B980-46FD-B763-C4FB95BEC3AD}.Debug|Any CPU.ActiveCfg = Debug|Any CPU
		{DC5C506D-B980-46FD-B763-C4FB95BEC3AD}.Debug|Any CPU.Build.0 = Debug|Any CPU
		{DC5C506D-B980-46FD-B763-C4FB95BEC3AD}.Release|Any CPU.ActiveCfg = Release|Any CPU
		{DC5C506D-B980-46FD-B763-C4FB95BEC3AD}.Release|Any CPU.Build.0 = Release|Any CPU
		{97F7BD08-9620-4B9B-9BC6-A524CAE76EDE}.Debug|Any CPU.ActiveCfg = Debug|Any CPU
		{97F7BD08-9620-4B9B-9BC6-A524CAE76EDE}.Debug|Any CPU.Build.0 = Debug|Any CPU
		{97F7BD08-9620-4B9B-9BC6-A524CAE76EDE}.Release|Any CPU.ActiveCfg = Release|Any CPU
		{97F7BD08-9620-4B9B-9BC6-A524CAE76EDE}.Release|Any CPU.Build.0 = Release|Any CPU
	EndGlobalSection
	GlobalSection(SolutionProperties) = preSolution
		HideSolutionNode = FALSE
	EndGlobalSection
	GlobalSection(ExtensibilityGlobals) = postSolution
		SolutionGuid = {8E079944-18B9-4D24-AE23-1D8ADEB504E5}
	EndGlobalSection
EndGlobal
